
Microsoft Visual Studio Solution File, Format Version 12.00
# Visual Studio 15
VisualStudioVersion = 15.0.28010.2016
MinimumVisualStudioVersion = 10.0.40219.1
Project("{9A19103F-16F7-4668-BE54-9A1E7A4F7556}") = "ReviewSite", "ReviewSite\ReviewSite.csproj", "{0304C96B-EA54-42A3-93A1-DAE5103B265A}"
EndProject
Project("{FAE04EC0-301F-11D3-BF4B-00C04F79EFBC}") = "ReviewSite.Tests", "XUnitTestProject1\ReviewSite.Tests.csproj", "{CC874030-C976-418D-A401-C55C286AE710}"
EndProject
Global
	GlobalSection(SolutionConfigurationPlatforms) = preSolution
		Debug|Any CPU = Debug|Any CPU
		Release|Any CPU = Release|Any CPU
	EndGlobalSection
	GlobalSection(ProjectConfigurationPlatforms) = postSolution
		{0304C96B-EA54-42A3-93A1-DAE5103B265A}.Debug|Any CPU.ActiveCfg = Debug|Any CPU
		{0304C96B-EA54-42A3-93A1-DAE5103B265A}.Debug|Any CPU.Build.0 = Debug|Any CPU
		{0304C96B-EA54-42A3-93A1-DAE5103B265A}.Release|Any CPU.ActiveCfg = Release|Any CPU
		{0304C96B-EA54-42A3-93A1-DAE5103B265A}.Release|Any CPU.Build.0 = Release|Any CPU
		{CC874030-C976-418D-A401-C55C286AE710}.Debug|Any CPU.ActiveCfg = Debug|Any CPU
		{CC874030-C976-418D-A401-C55C286AE710}.Debug|Any CPU.Build.0 = Debug|Any CPU
		{CC874030-C976-418D-A401-C55C286AE710}.Release|Any CPU.ActiveCfg = Release|Any CPU
		{CC874030-C976-418D-A401-C55C286AE710}.Release|Any CPU.Build.0 = Release|Any CPU
	EndGlobalSection
	GlobalSection(SolutionProperties) = preSolution
		HideSolutionNode = FALSE
	EndGlobalSection
	GlobalSection(ExtensibilityGlobals) = postSolution
		SolutionGuid = {47946D4F-4763-409A-AA7C-4DAF5CA515C5}
	EndGlobalSection
EndGlobal
